
Microsoft Visual Studio Solution File, Format Version 12.00
# Visual Studio Version 17
VisualStudioVersion = 17.3.32929.385
MinimumVisualStudioVersion = 10.0.40219.1
Project("{FAE04EC0-301F-11D3-BF4B-00C04F79EFBC}") = "MatchPlayApiWrapper", "MatchPlayApiWrapper\MatchPlayApiWrapper.csproj", "{05830EEA-1953-E194-79B6-ED58E340F9B0}"
EndProject
Project("{FAE04EC0-301F-11D3-BF4B-00C04F79EFBC}") = "IFPAApiWrapper", "IFPAApiWrapper\IFPAApiWrapper.csproj", "{F8217C88-ABC6-0420-9B6F-86C61C20AA8F}"
EndProject
Global
	GlobalSection(SolutionConfigurationPlatforms) = preSolution
		Debug|Any CPU = Debug|Any CPU
		Release|Any CPU = Release|Any CPU
	EndGlobalSection
	GlobalSection(ProjectConfigurationPlatforms) = postSolution
		{05830EEA-1953-E194-79B6-ED58E340F9B0}.Debug|Any CPU.ActiveCfg = Debug|Any CPU
		{05830EEA-1953-E194-79B6-ED58E340F9B0}.Debug|Any CPU.Build.0 = Debug|Any CPU
		{05830EEA-1953-E194-79B6-ED58E340F9B0}.Release|Any CPU.ActiveCfg = Release|Any CPU
		{05830EEA-1953-E194-79B6-ED58E340F9B0}.Release|Any CPU.Build.0 = Release|Any CPU
		{F8217C88-ABC6-0420-9B6F-86C61C20AA8F}.Debug|Any CPU.ActiveCfg = Debug|Any CPU
		{F8217C88-ABC6-0420-9B6F-86C61C20AA8F}.Debug|Any CPU.Build.0 = Debug|Any CPU
		{F8217C88-ABC6-0420-9B6F-86C61C20AA8F}.Release|Any CPU.ActiveCfg = Release|Any CPU
		{F8217C88-ABC6-0420-9B6F-86C61C20AA8F}.Release|Any CPU.Build.0 = Release|Any CPU
	EndGlobalSection
	GlobalSection(SolutionProperties) = preSolution
		HideSolutionNode = FALSE
	EndGlobalSection
	GlobalSection(ExtensibilityGlobals) = postSolution
		SolutionGuid = {AC71888C-9AB6-493F-BBBB-D61BF7DF922F}
	EndGlobalSection
EndGlobal
